
Microsoft Visual Studio Solution File, Format Version 12.00
# Visual Studio Version 17
VisualStudioVersion = 17.11.35327.3
MinimumVisualStudioVersion = 10.0.40219.1
Project("{8BC9CEB8-8B4A-11D0-8D11-00A0C91BC942}") = "001_cout", "CPP_2024\CPP_2024.vcxproj", "{3BF3BF9C-9A8E-4820-95EE-7331FD905A42}"
EndProject
Project("{8BC9CEB8-8B4A-11D0-8D11-00A0C91BC942}") = "002_string", "002_string\002_string.vcxproj", "{F3B67054-AB26-4D0E-9A10-12B5C93865E1}"
EndProject
Project("{8BC9CEB8-8B4A-11D0-8D11-00A0C91BC942}") = "003_initialize", "003_initialize\003_initialize.vcxproj", "{ECF43607-378C-496F-B010-74DB2DDAD24F}"
EndProject
Project("{8BC9CEB8-8B4A-11D0-8D11-00A0C91BC942}") = "004_loop", "004_loop\004_loop.vcxproj", "{A7F0E33E-5695-4E88-9B38-CCECBB395E00}"
EndProject
Project("{8BC9CEB8-8B4A-11D0-8D11-00A0C91BC942}") = "005_swap", "005_swap\005_swap.vcxproj", "{92C33E1A-B77D-4916-A754-62C576399B97}"
EndProject
Project("{8BC9CEB8-8B4A-11D0-8D11-00A0C91BC942}") = "006_defaultParameter", "006_defaultParameter\006_defaultParameter.vcxproj", "{A7CBC3C4-FD2A-4AE1-A857-63B075C6E8F1}"
EndProject
Project("{8BC9CEB8-8B4A-11D0-8D11-00A0C91BC942}") = "007_inventory", "007_inventory\007_inventory.vcxproj", "{7027A0E7-4944-4070-A190-7913992A2E89}"
EndProject
Project("{8BC9CEB8-8B4A-11D0-8D11-00A0C91BC942}") = "008_tv", "008_tv\008_tv.vcxproj", "{49C924B8-A66A-4E1B-8160-D1F6A65ED6E6}"
EndProject
Project("{8BC9CEB8-8B4A-11D0-8D11-00A0C91BC942}") = "009_this", "009_this\009_this.vcxproj", "{935209C9-508B-4376-96DB-15974EE82EC0}"
EndProject
Project("{8BC9CEB8-8B4A-11D0-8D11-00A0C91BC942}") = "010_complex", "010_complex\010_complex.vcxproj", "{96697075-D030-465F-8883-B6B27CAE9B23}"
EndProject
Project("{8BC9CEB8-8B4A-11D0-8D11-00A0C91BC942}") = "011_color", "010_color\010_color.vcxproj", "{8CC52F94-562A-4424-9586-CD8323A0A636}"
EndProject
Project("{8BC9CEB8-8B4A-11D0-8D11-00A0C91BC942}") = "012_colorId", "012_colorId\012_colorId.vcxproj", "{5C82FBF2-2DB8-4546-81A1-DA2397E2FEE1}"
EndProject
Project("{8BC9CEB8-8B4A-11D0-8D11-00A0C91BC942}") = "013_vector2", "013_vector2\013_vector2.vcxproj", "{ED7CC0BD-5C5B-4FCA-ACA6-09AAE690843B}"
EndProject
Project("{8BC9CEB8-8B4A-11D0-8D11-00A0C91BC942}") = "014_opOverloading", "014_opOverloading\014_opOverloading.vcxproj", "{680C0449-5D79-4AA1-B5EF-0B9DD57551C2}"
EndProject
Project("{8BC9CEB8-8B4A-11D0-8D11-00A0C91BC942}") = "015_new", "015_new\015_new.vcxproj", "{F18A4866-3E31-46B3-828B-18AC9E359870}"
EndProject
Project("{8BC9CEB8-8B4A-11D0-8D11-00A0C91BC942}") = "016_objectAllocation", "016_objectAllocation\016_objectAllocation.vcxproj", "{03046B67-1C58-4217-A6F3-B4C0E737B917}"
EndProject
Project("{8BC9CEB8-8B4A-11D0-8D11-00A0C91BC942}") = "017_String", "017_String\017_String.vcxproj", "{7CFA783A-AB5E-4264-BD2C-5D9DEAC82C5B}"
EndProject
Project("{8BC9CEB8-8B4A-11D0-8D11-00A0C91BC942}") = "018_inheritance", "018_inheritance\018_inheritance.vcxproj", "{ADCE6BDF-CEEB-476A-90E1-1DAF406F7E53}"
EndProject
Project("{8BC9CEB8-8B4A-11D0-8D11-00A0C91BC942}") = "019_animal", "019_animal\019_animal.vcxproj", "{B3B35280-8AFC-44F8-A0A6-E6D689999574}"
EndProject
Project("{8BC9CEB8-8B4A-11D0-8D11-00A0C91BC942}") = "020_template", "020_template\020_template.vcxproj", "{35E14A64-4F40-4142-9DA3-BB2B22573B33}"
EndProject
Project("{8BC9CEB8-8B4A-11D0-8D11-00A0C91BC942}") = "021_classTemplate", "021_classTemplate\021_classTemplate.vcxproj", "{E5141443-80EB-4AC5-9419-209EE32C8C74}"
EndProject
Project("{8BC9CEB8-8B4A-11D0-8D11-00A0C91BC942}") = "022_tryCatch", "022_tryCatch\022_tryCatch.vcxproj", "{D82E8E53-404B-45D1-8407-F9F1D5235753}"
EndProject
Project("{8BC9CEB8-8B4A-11D0-8D11-00A0C91BC942}") = "023_auto", "023_auto\023_auto.vcxproj", "{6A434167-353A-43D9-AD2C-2F74DA10F30B}"
EndProject
Project("{8BC9CEB8-8B4A-11D0-8D11-00A0C91BC942}") = "024_funcPointer", "024_funcPointer\024_funcPointer.vcxproj", "{D14D42ED-B2EC-4018-AC20-557D9DF45DED}"
EndProject
Project("{8BC9CEB8-8B4A-11D0-8D11-00A0C91BC942}") = "035_square", "035_square\035_square.vcxproj", "{4EFAEE81-8A86-4BB7-98CE-B09D7526C1D6}"
EndProject
Project("{8BC9CEB8-8B4A-11D0-8D11-00A0C91BC942}") = "036_lambda", "036_lambda\036_lambda.vcxproj", "{92F66FFC-92FC-4653-8388-2F411F4AA727}"
EndProject
Project("{8BC9CEB8-8B4A-11D0-8D11-00A0C91BC942}") = "037_vector", "037_vector\037_vector.vcxproj", "{4A75D6BD-0830-449A-8F78-603749272F71}"
EndProject
Project("{8BC9CEB8-8B4A-11D0-8D11-00A0C91BC942}") = "038_pair", "038_pair\038_pair.vcxproj", "{53DA101B-0683-4E15-B683-284B4AC04C04}"
EndProject
Project("{8BC9CEB8-8B4A-11D0-8D11-00A0C91BC942}") = "039_sort", "039_sort\039_sort.vcxproj", "{9CD75A9F-6BE8-4358-924C-79C8787571DF}"
EndProject
Global
	GlobalSection(SolutionConfigurationPlatforms) = preSolution
		Debug|x64 = Debug|x64
		Debug|x86 = Debug|x86
		Release|x64 = Release|x64
		Release|x86 = Release|x86
	EndGlobalSection
	GlobalSection(ProjectConfigurationPlatforms) = postSolution
		{3BF3BF9C-9A8E-4820-95EE-7331FD905A42}.Debug|x64.ActiveCfg = Debug|x64
		{3BF3BF9C-9A8E-4820-95EE-7331FD905A42}.Debug|x64.Build.0 = Debug|x64
		{3BF3BF9C-9A8E-4820-95EE-7331FD905A42}.Debug|x86.ActiveCfg = Debug|Win32
		{3BF3BF9C-9A8E-4820-95EE-7331FD905A42}.Debug|x86.Build.0 = Debug|Win32
		{3BF3BF9C-9A8E-4820-95EE-7331FD905A42}.Release|x64.ActiveCfg = Release|x64
		{3BF3BF9C-9A8E-4820-95EE-7331FD905A42}.Release|x64.Build.0 = Release|x64
		{3BF3BF9C-9A8E-4820-95EE-7331FD905A42}.Release|x86.ActiveCfg = Release|Win32
		{3BF3BF9C-9A8E-4820-95EE-7331FD905A42}.Release|x86.Build.0 = Release|Win32
		{F3B67054-AB26-4D0E-9A10-12B5C93865E1}.Debug|x64.ActiveCfg = Debug|x64
		{F3B67054-AB26-4D0E-9A10-12B5C93865E1}.Debug|x64.Build.0 = Debug|x64
		{F3B67054-AB26-4D0E-9A10-12B5C93865E1}.Debug|x86.ActiveCfg = Debug|Win32
		{F3B67054-AB26-4D0E-9A10-12B5C93865E1}.Debug|x86.Build.0 = Debug|Win32
		{F3B67054-AB26-4D0E-9A10-12B5C93865E1}.Release|x64.ActiveCfg = Release|x64
		{F3B67054-AB26-4D0E-9A10-12B5C93865E1}.Release|x64.Build.0 = Release|x64
		{F3B67054-AB26-4D0E-9A10-12B5C93865E1}.Release|x86.ActiveCfg = Release|Win32
		{F3B67054-AB26-4D0E-9A10-12B5C93865E1}.Release|x86.Build.0 = Release|Win32
		{ECF43607-378C-496F-B010-74DB2DDAD24F}.Debug|x64.ActiveCfg = Debug|x64
		{ECF43607-378C-496F-B010-74DB2DDAD24F}.Debug|x64.Build.0 = Debug|x64
		{ECF43607-378C-496F-B010-74DB2DDAD24F}.Debug|x86.ActiveCfg = Debug|Win32
		{ECF43607-378C-496F-B010-74DB2DDAD24F}.Debug|x86.Build.0 = Debug|Win32
		{ECF43607-378C-496F-B010-74DB2DDAD24F}.Release|x64.ActiveCfg = Release|x64
		{ECF43607-378C-496F-B010-74DB2DDAD24F}.Release|x64.Build.0 = Release|x64
		{ECF43607-378C-496F-B010-74DB2DDAD24F}.Release|x86.ActiveCfg = Release|Win32
		{ECF43607-378C-496F-B010-74DB2DDAD24F}.Release|x86.Build.0 = Release|Win32
		{A7F0E33E-5695-4E88-9B38-CCECBB395E00}.Debug|x64.ActiveCfg = Debug|x64
		{A7F0E33E-5695-4E88-9B38-CCECBB395E00}.Debug|x64.Build.0 = Debug|x64
		{A7F0E33E-5695-4E88-9B38-CCECBB395E00}.Debug|x86.ActiveCfg = Debug|Win32
		{A7F0E33E-5695-4E88-9B38-CCECBB395E00}.Debug|x86.Build.0 = Debug|Win32
		{A7F0E33E-5695-4E88-9B38-CCECBB395E00}.Release|x64.ActiveCfg = Release|x64
		{A7F0E33E-5695-4E88-9B38-CCECBB395E00}.Release|x64.Build.0 = Release|x64
		{A7F0E33E-5695-4E88-9B38-CCECBB395E00}.Release|x86.ActiveCfg = Release|Win32
		{A7F0E33E-5695-4E88-9B38-CCECBB395E00}.Release|x86.Build.0 = Release|Win32
		{92C33E1A-B77D-4916-A754-62C576399B97}.Debug|x64.ActiveCfg = Debug|x64
		{92C33E1A-B77D-4916-A754-62C576399B97}.Debug|x64.Build.0 = Debug|x64
		{92C33E1A-B77D-4916-A754-62C576399B97}.Debug|x86.ActiveCfg = Debug|Win32
		{92C33E1A-B77D-4916-A754-62C576399B97}.Debug|x86.Build.0 = Debug|Win32
		{92C33E1A-B77D-4916-A754-62C576399B97}.Release|x64.ActiveCfg = Release|x64
		{92C33E1A-B77D-4916-A754-62C576399B97}.Release|x64.Build.0 = Release|x64
		{92C33E1A-B77D-4916-A754-62C576399B97}.Release|x86.ActiveCfg = Release|Win32
		{92C33E1A-B77D-4916-A754-62C576399B97}.Release|x86.Build.0 = Release|Win32
		{A7CBC3C4-FD2A-4AE1-A857-63B075C6E8F1}.Debug|x64.ActiveCfg = Debug|x64
		{A7CBC3C4-FD2A-4AE1-A857-63B075C6E8F1}.Debug|x64.Build.0 = Debug|x64
		{A7CBC3C4-FD2A-4AE1-A857-63B075C6E8F1}.Debug|x86.ActiveCfg = Debug|Win32
		{A7CBC3C4-FD2A-4AE1-A857-63B075C6E8F1}.Debug|x86.Build.0 = Debug|Win32
		{A7CBC3C4-FD2A-4AE1-A857-63B075C6E8F1}.Release|x64.ActiveCfg = Release|x64
		{A7CBC3C4-FD2A-4AE1-A857-63B075C6E8F1}.Release|x64.Build.0 = Release|x64
		{A7CBC3C4-FD2A-4AE1-A857-63B075C6E8F1}.Release|x86.ActiveCfg = Release|Win32
		{A7CBC3C4-FD2A-4AE1-A857-63B075C6E8F1}.Release|x86.Build.0 = Release|Win32
		{7027A0E7-4944-4070-A190-7913992A2E89}.Debug|x64.ActiveCfg = Debug|x64
		{7027A0E7-4944-4070-A190-7913992A2E89}.Debug|x64.Build.0 = Debug|x64
		{7027A0E7-4944-4070-A190-7913992A2E89}.Debug|x86.ActiveCfg = Debug|Win32
		{7027A0E7-4944-4070-A190-7913992A2E89}.Debug|x86.Build.0 = Debug|Win32
		{7027A0E7-4944-4070-A190-7913992A2E89}.Release|x64.ActiveCfg = Release|x64
		{7027A0E7-4944-4070-A190-7913992A2E89}.Release|x64.Build.0 = Release|x64
		{7027A0E7-4944-4070-A190-7913992A2E89}.Release|x86.ActiveCfg = Release|Win32
		{7027A0E7-4944-4070-A190-7913992A2E89}.Release|x86.Build.0 = Release|Win32
		{49C924B8-A66A-4E1B-8160-D1F6A65ED6E6}.Debug|x64.ActiveCfg = Debug|x64
		{49C924B8-A66A-4E1B-8160-D1F6A65ED6E6}.Debug|x64.Build.0 = Debug|x64
		{49C924B8-A66A-4E1B-8160-D1F6A65ED6E6}.Debug|x86.ActiveCfg = Debug|Win32
		{49C924B8-A66A-4E1B-8160-D1F6A65ED6E6}.Debug|x86.Build.0 = Debug|Win32
		{49C924B8-A66A-4E1B-8160-D1F6A65ED6E6}.Release|x64.ActiveCfg = Release|x64
		{49C924B8-A66A-4E1B-8160-D1F6A65ED6E6}.Release|x64.Build.0 = Release|x64
		{49C924B8-A66A-4E1B-8160-D1F6A65ED6E6}.Release|x86.ActiveCfg = Release|Win32
		{49C924B8-A66A-4E1B-8160-D1F6A65ED6E6}.Release|x86.Build.0 = Release|Win32
		{935209C9-508B-4376-96DB-15974EE82EC0}.Debug|x64.ActiveCfg = Debug|x64
		{935209C9-508B-4376-96DB-15974EE82EC0}.Debug|x64.Build.0 = Debug|x64
		{935209C9-508B-4376-96DB-15974EE82EC0}.Debug|x86.ActiveCfg = Debug|Win32
		{935209C9-508B-4376-96DB-15974EE82EC0}.Debug|x86.Build.0 = Debug|Win32
		{935209C9-508B-4376-96DB-15974EE82EC0}.Release|x64.ActiveCfg = Release|x64
		{935209C9-508B-4376-96DB-15974EE82EC0}.Release|x64.Build.0 = Release|x64
		{935209C9-508B-4376-96DB-15974EE82EC0}.Release|x86.ActiveCfg = Release|Win32
		{935209C9-508B-4376-96DB-15974EE82EC0}.Release|x86.Build.0 = Release|Win32
		{96697075-D030-465F-8883-B6B27CAE9B23}.Debug|x64.ActiveCfg = Debug|x64
		{96697075-D030-465F-8883-B6B27CAE9B23}.Debug|x64.Build.0 = Debug|x64
		{96697075-D030-465F-8883-B6B27CAE9B23}.Debug|x86.ActiveCfg = Debug|Win32
		{96697075-D030-465F-8883-B6B27CAE9B23}.Debug|x86.Build.0 = Debug|Win32
		{96697075-D030-465F-8883-B6B27CAE9B23}.Release|x64.ActiveCfg = Release|x64
		{96697075-D030-465F-8883-B6B27CAE9B23}.Release|x64.Build.0 = Release|x64
		{96697075-D030-465F-8883-B6B27CAE9B23}.Release|x86.ActiveCfg = Release|Win32
		{96697075-D030-465F-8883-B6B27CAE9B23}.Release|x86.Build.0 = Release|Win32
		{8CC52F94-562A-4424-9586-CD8323A0A636}.Debug|x64.ActiveCfg = Debug|x64
		{8CC52F94-562A-4424-9586-CD8323A0A636}.Debug|x64.Build.0 = Debug|x64
		{8CC52F94-562A-4424-9586-CD8323A0A636}.Debug|x86.ActiveCfg = Debug|Win32
		{8CC52F94-562A-4424-9586-CD8323A0A636}.Debug|x86.Build.0 = Debug|Win32
		{8CC52F94-562A-4424-9586-CD8323A0A636}.Release|x64.ActiveCfg = Release|x64
		{8CC52F94-562A-4424-9586-CD8323A0A636}.Release|x64.Build.0 = Release|x64
		{8CC52F94-562A-4424-9586-CD8323A0A636}.Release|x86.ActiveCfg = Release|Win32
		{8CC52F94-562A-4424-9586-CD8323A0A636}.Release|x86.Build.0 = Release|Win32
		{5C82FBF2-2DB8-4546-81A1-DA2397E2FEE1}.Debug|x64.ActiveCfg = Debug|x64
		{5C82FBF2-2DB8-4546-81A1-DA2397E2FEE1}.Debug|x64.Build.0 = Debug|x64
		{5C82FBF2-2DB8-4546-81A1-DA2397E2FEE1}.Debug|x86.ActiveCfg = Debug|Win32
		{5C82FBF2-2DB8-4546-81A1-DA2397E2FEE1}.Debug|x86.Build.0 = Debug|Win32
		{5C82FBF2-2DB8-4546-81A1-DA2397E2FEE1}.Release|x64.ActiveCfg = Release|x64
		{5C82FBF2-2DB8-4546-81A1-DA2397E2FEE1}.Release|x64.Build.0 = Release|x64
		{5C82FBF2-2DB8-4546-81A1-DA2397E2FEE1}.Release|x86.ActiveCfg = Release|Win32
		{5C82FBF2-2DB8-4546-81A1-DA2397E2FEE1}.Release|x86.Build.0 = Release|Win32
		{ED7CC0BD-5C5B-4FCA-ACA6-09AAE690843B}.Debug|x64.ActiveCfg = Debug|x64
		{ED7CC0BD-5C5B-4FCA-ACA6-09AAE690843B}.Debug|x64.Build.0 = Debug|x64
		{ED7CC0BD-5C5B-4FCA-ACA6-09AAE690843B}.Debug|x86.ActiveCfg = Debug|Win32
		{ED7CC0BD-5C5B-4FCA-ACA6-09AAE690843B}.Debug|x86.Build.0 = Debug|Win32
		{ED7CC0BD-5C5B-4FCA-ACA6-09AAE690843B}.Release|x64.ActiveCfg = Release|x64
		{ED7CC0BD-5C5B-4FCA-ACA6-09AAE690843B}.Release|x64.Build.0 = Release|x64
		{ED7CC0BD-5C5B-4FCA-ACA6-09AAE690843B}.Release|x86.ActiveCfg = Release|Win32
		{ED7CC0BD-5C5B-4FCA-ACA6-09AAE690843B}.Release|x86.Build.0 = Release|Win32
		{680C0449-5D79-4AA1-B5EF-0B9DD57551C2}.Debug|x64.ActiveCfg = Debug|x64
		{680C0449-5D79-4AA1-B5EF-0B9DD57551C2}.Debug|x64.Build.0 = Debug|x64
		{680C0449-5D79-4AA1-B5EF-0B9DD57551C2}.Debug|x86.ActiveCfg = Debug|Win32
		{680C0449-5D79-4AA1-B5EF-0B9DD57551C2}.Debug|x86.Build.0 = Debug|Win32
		{680C0449-5D79-4AA1-B5EF-0B9DD57551C2}.Release|x64.ActiveCfg = Release|x64
		{680C0449-5D79-4AA1-B5EF-0B9DD57551C2}.Release|x64.Build.0 = Release|x64
		{680C0449-5D79-4AA1-B5EF-0B9DD57551C2}.Release|x86.ActiveCfg = Release|Win32
		{680C0449-5D79-4AA1-B5EF-0B9DD57551C2}.Release|x86.Build.0 = Release|Win32
		{F18A4866-3E31-46B3-828B-18AC9E359870}.Debug|x64.ActiveCfg = Debug|x64
		{F18A4866-3E31-46B3-828B-18AC9E359870}.Debug|x64.Build.0 = Debug|x64
		{F18A4866-3E31-46B3-828B-18AC9E359870}.Debug|x86.ActiveCfg = Debug|Win32
		{F18A4866-3E31-46B3-828B-18AC9E359870}.Debug|x86.Build.0 = Debug|Win32
		{F18A4866-3E31-46B3-828B-18AC9E359870}.Release|x64.ActiveCfg = Release|x64
		{F18A4866-3E31-46B3-828B-18AC9E359870}.Release|x64.Build.0 = Release|x64
		{F18A4866-3E31-46B3-828B-18AC9E359870}.Release|x86.ActiveCfg = Release|Win32
		{F18A4866-3E31-46B3-828B-18AC9E359870}.Release|x86.Build.0 = Release|Win32
		{03046B67-1C58-4217-A6F3-B4C0E737B917}.Debug|x64.ActiveCfg = Debug|x64
		{03046B67-1C58-4217-A6F3-B4C0E737B917}.Debug|x64.Build.0 = Debug|x64
		{03046B67-1C58-4217-A6F3-B4C0E737B917}.Debug|x86.ActiveCfg = Debug|Win32
		{03046B67-1C58-4217-A6F3-B4C0E737B917}.Debug|x86.Build.0 = Debug|Win32
		{03046B67-1C58-4217-A6F3-B4C0E737B917}.Release|x64.ActiveCfg = Release|x64
		{03046B67-1C58-4217-A6F3-B4C0E737B917}.Release|x64.Build.0 = Release|x64
		{03046B67-1C58-4217-A6F3-B4C0E737B917}.Release|x86.ActiveCfg = Release|Win32
		{03046B67-1C58-4217-A6F3-B4C0E737B917}.Release|x86.Build.0 = Release|Win32
		{7CFA783A-AB5E-4264-BD2C-5D9DEAC82C5B}.Debug|x64.ActiveCfg = Debug|x64
		{7CFA783A-AB5E-4264-BD2C-5D9DEAC82C5B}.Debug|x64.Build.0 = Debug|x64
		{7CFA783A-AB5E-4264-BD2C-5D9DEAC82C5B}.Debug|x86.ActiveCfg = Debug|Win32
		{7CFA783A-AB5E-4264-BD2C-5D9DEAC82C5B}.Debug|x86.Build.0 = Debug|Win32
		{7CFA783A-AB5E-4264-BD2C-5D9DEAC82C5B}.Release|x64.ActiveCfg = Release|x64
		{7CFA783A-AB5E-4264-BD2C-5D9DEAC82C5B}.Release|x64.Build.0 = Release|x64
		{7CFA783A-AB5E-4264-BD2C-5D9DEAC82C5B}.Release|x86.ActiveCfg = Release|Win32
		{7CFA783A-AB5E-4264-BD2C-5D9DEAC82C5B}.Release|x86.Build.0 = Release|Win32
		{ADCE6BDF-CEEB-476A-90E1-1DAF406F7E53}.Debug|x64.ActiveCfg = Debug|x64
		{ADCE6BDF-CEEB-476A-90E1-1DAF406F7E53}.Debug|x64.Build.0 = Debug|x64
		{ADCE6BDF-CEEB-476A-90E1-1DAF406F7E53}.Debug|x86.ActiveCfg = Debug|Win32
		{ADCE6BDF-CEEB-476A-90E1-1DAF406F7E53}.Debug|x86.Build.0 = Debug|Win32
		{ADCE6BDF-CEEB-476A-90E1-1DAF406F7E53}.Release|x64.ActiveCfg = Release|x64
		{ADCE6BDF-CEEB-476A-90E1-1DAF406F7E53}.Release|x64.Build.0 = Release|x64
		{ADCE6BDF-CEEB-476A-90E1-1DAF406F7E53}.Release|x86.ActiveCfg = Release|Win32
		{ADCE6BDF-CEEB-476A-90E1-1DAF406F7E53}.Release|x86.Build.0 = Release|Win32
		{B3B35280-8AFC-44F8-A0A6-E6D689999574}.Debug|x64.ActiveCfg = Debug|x64
		{B3B35280-8AFC-44F8-A0A6-E6D689999574}.Debug|x64.Build.0 = Debug|x64
		{B3B35280-8AFC-44F8-A0A6-E6D689999574}.Debug|x86.ActiveCfg = Debug|Win32
		{B3B35280-8AFC-44F8-A0A6-E6D689999574}.Debug|x86.Build.0 = Debug|Win32
		{B3B35280-8AFC-44F8-A0A6-E6D689999574}.Release|x64.ActiveCfg = Release|x64
		{B3B35280-8AFC-44F8-A0A6-E6D689999574}.Release|x64.Build.0 = Release|x64
		{B3B35280-8AFC-44F8-A0A6-E6D689999574}.Release|x86.ActiveCfg = Release|Win32
		{B3B35280-8AFC-44F8-A0A6-E6D689999574}.Release|x86.Build.0 = Release|Win32
		{35E14A64-4F40-4142-9DA3-BB2B22573B33}.Debug|x64.ActiveCfg = Debug|x64
		{35E14A64-4F40-4142-9DA3-BB2B22573B33}.Debug|x64.Build.0 = Debug|x64
		{35E14A64-4F40-4142-9DA3-BB2B22573B33}.Debug|x86.ActiveCfg = Debug|Win32
		{35E14A64-4F40-4142-9DA3-BB2B22573B33}.Debug|x86.Build.0 = Debug|Win32
		{35E14A64-4F40-4142-9DA3-BB2B22573B33}.Release|x64.ActiveCfg = Release|x64
		{35E14A64-4F40-4142-9DA3-BB2B22573B33}.Release|x64.Build.0 = Release|x64
		{35E14A64-4F40-4142-9DA3-BB2B22573B33}.Release|x86.ActiveCfg = Release|Win32
		{35E14A64-4F40-4142-9DA3-BB2B22573B33}.Release|x86.Build.0 = Release|Win32
		{E5141443-80EB-4AC5-9419-209EE32C8C74}.Debug|x64.ActiveCfg = Debug|x64
		{E5141443-80EB-4AC5-9419-209EE32C8C74}.Debug|x64.Build.0 = Debug|x64
		{E5141443-80EB-4AC5-9419-209EE32C8C74}.Debug|x86.ActiveCfg = Debug|Win32
		{E5141443-80EB-4AC5-9419-209EE32C8C74}.Debug|x86.Build.0 = Debug|Win32
		{E5141443-80EB-4AC5-9419-209EE32C8C74}.Release|x64.ActiveCfg = Release|x64
		{E5141443-80EB-4AC5-9419-209EE32C8C74}.Release|x64.Build.0 = Release|x64
		{E5141443-80EB-4AC5-9419-209EE32C8C74}.Release|x86.ActiveCfg = Release|Win32
		{E5141443-80EB-4AC5-9419-209EE32C8C74}.Release|x86.Build.0 = Release|Win32
		{D82E8E53-404B-45D1-8407-F9F1D5235753}.Debug|x64.ActiveCfg = Debug|x64
		{D82E8E53-404B-45D1-8407-F9F1D5235753}.Debug|x64.Build.0 = Debug|x64
		{D82E8E53-404B-45D1-8407-F9F1D5235753}.Debug|x86.ActiveCfg = Debug|Win32
		{D82E8E53-404B-45D1-8407-F9F1D5235753}.Debug|x86.Build.0 = Debug|Win32
		{D82E8E53-404B-45D1-8407-F9F1D5235753}.Release|x64.ActiveCfg = Release|x64
		{D82E8E53-404B-45D1-8407-F9F1D5235753}.Release|x64.Build.0 = Release|x64
		{D82E8E53-404B-45D1-8407-F9F1D5235753}.Release|x86.ActiveCfg = Release|Win32
		{D82E8E53-404B-45D1-8407-F9F1D5235753}.Release|x86.Build.0 = Release|Win32
		{6A434167-353A-43D9-AD2C-2F74DA10F30B}.Debug|x64.ActiveCfg = Debug|x64
		{6A434167-353A-43D9-AD2C-2F74DA10F30B}.Debug|x64.Build.0 = Debug|x64
		{6A434167-353A-43D9-AD2C-2F74DA10F30B}.Debug|x86.ActiveCfg = Debug|Win32
		{6A434167-353A-43D9-AD2C-2F74DA10F30B}.Debug|x86.Build.0 = Debug|Win32
		{6A434167-353A-43D9-AD2C-2F74DA10F30B}.Release|x64.ActiveCfg = Release|x64
		{6A434167-353A-43D9-AD2C-2F74DA10F30B}.Release|x64.Build.0 = Release|x64
		{6A434167-353A-43D9-AD2C-2F74DA10F30B}.Release|x86.ActiveCfg = Release|Win32
		{6A434167-353A-43D9-AD2C-2F74DA10F30B}.Release|x86.Build.0 = Release|Win32
		{D14D42ED-B2EC-4018-AC20-557D9DF45DED}.Debug|x64.ActiveCfg = Debug|x64
		{D14D42ED-B2EC-4018-AC20-557D9DF45DED}.Debug|x64.Build.0 = Debug|x64
		{D14D42ED-B2EC-4018-AC20-557D9DF45DED}.Debug|x86.ActiveCfg = Debug|Win32
		{D14D42ED-B2EC-4018-AC20-557D9DF45DED}.Debug|x86.Build.0 = Debug|Win32
		{D14D42ED-B2EC-4018-AC20-557D9DF45DED}.Release|x64.ActiveCfg = Release|x64
		{D14D42ED-B2EC-4018-AC20-557D9DF45DED}.Release|x64.Build.0 = Release|x64
		{D14D42ED-B2EC-4018-AC20-557D9DF45DED}.Release|x86.ActiveCfg = Release|Win32
		{D14D42ED-B2EC-4018-AC20-557D9DF45DED}.Release|x86.Build.0 = Release|Win32
		{4EFAEE81-8A86-4BB7-98CE-B09D7526C1D6}.Debug|x64.ActiveCfg = Debug|x64
		{4EFAEE81-8A86-4BB7-98CE-B09D7526C1D6}.Debug|x64.Build.0 = Debug|x64
		{4EFAEE81-8A86-4BB7-98CE-B09D7526C1D6}.Debug|x86.ActiveCfg = Debug|Win32
		{4EFAEE81-8A86-4BB7-98CE-B09D7526C1D6}.Debug|x86.Build.0 = Debug|Win32
		{4EFAEE81-8A86-4BB7-98CE-B09D7526C1D6}.Release|x64.ActiveCfg = Release|x64
		{4EFAEE81-8A86-4BB7-98CE-B09D7526C1D6}.Release|x64.Build.0 = Release|x64
		{4EFAEE81-8A86-4BB7-98CE-B09D7526C1D6}.Release|x86.ActiveCfg = Release|Win32
		{4EFAEE81-8A86-4BB7-98CE-B09D7526C1D6}.Release|x86.Build.0 = Release|Win32
		{92F66FFC-92FC-4653-8388-2F411F4AA727}.Debug|x64.ActiveCfg = Debug|x64
		{92F66FFC-92FC-4653-8388-2F411F4AA727}.Debug|x64.Build.0 = Debug|x64
		{92F66FFC-92FC-4653-8388-2F411F4AA727}.Debug|x86.ActiveCfg = Debug|Win32
		{92F66FFC-92FC-4653-8388-2F411F4AA727}.Debug|x86.Build.0 = Debug|Win32
		{92F66FFC-92FC-4653-8388-2F411F4AA727}.Release|x64.ActiveCfg = Release|x64
		{92F66FFC-92FC-4653-8388-2F411F4AA727}.Release|x64.Build.0 = Release|x64
		{92F66FFC-92FC-4653-8388-2F411F4AA727}.Release|x86.ActiveCfg = Release|Win32
		{92F66FFC-92FC-4653-8388-2F411F4AA727}.Release|x86.Build.0 = Release|Win32
		{4A75D6BD-0830-449A-8F78-603749272F71}.Debug|x64.ActiveCfg = Debug|x64
		{4A75D6BD-0830-449A-8F78-603749272F71}.Debug|x64.Build.0 = Debug|x64
		{4A75D6BD-0830-449A-8F78-603749272F71}.Debug|x86.ActiveCfg = Debug|Win32
		{4A75D6BD-0830-449A-8F78-603749272F71}.Debug|x86.Build.0 = Debug|Win32
		{4A75D6BD-0830-449A-8F78-603749272F71}.Release|x64.ActiveCfg = Release|x64
		{4A75D6BD-0830-449A-8F78-603749272F71}.Release|x64.Build.0 = Release|x64
		{4A75D6BD-0830-449A-8F78-603749272F71}.Release|x86.ActiveCfg = Release|Win32
		{4A75D6BD-0830-449A-8F78-603749272F71}.Release|x86.Build.0 = Release|Win32
		{53DA101B-0683-4E15-B683-284B4AC04C04}.Debug|x64.ActiveCfg = Debug|x64
		{53DA101B-0683-4E15-B683-284B4AC04C04}.Debug|x64.Build.0 = Debug|x64
		{53DA101B-0683-4E15-B683-284B4AC04C04}.Debug|x86.ActiveCfg = Debug|Win32
		{53DA101B-0683-4E15-B683-284B4AC04C04}.Debug|x86.Build.0 = Debug|Win32
		{53DA101B-0683-4E15-B683-284B4AC04C04}.Release|x64.ActiveCfg = Release|x64
		{53DA101B-0683-4E15-B683-284B4AC04C04}.Release|x64.Build.0 = Release|x64
		{53DA101B-0683-4E15-B683-284B4AC04C04}.Release|x86.ActiveCfg = Release|Win32
		{53DA101B-0683-4E15-B683-284B4AC04C04}.Release|x86.Build.0 = Release|Win32
		{9CD75A9F-6BE8-4358-924C-79C8787571DF}.Debug|x64.ActiveCfg = Debug|x64
		{9CD75A9F-6BE8-4358-924C-79C8787571DF}.Debug|x64.Build.0 = Debug|x64
		{9CD75A9F-6BE8-4358-924C-79C8787571DF}.Debug|x86.ActiveCfg = Debug|Win32
		{9CD75A9F-6BE8-4358-924C-79C8787571DF}.Debug|x86.Build.0 = Debug|Win32
		{9CD75A9F-6BE8-4358-924C-79C8787571DF}.Release|x64.ActiveCfg = Release|x64
		{9CD75A9F-6BE8-4358-924C-79C8787571DF}.Release|x64.Build.0 = Release|x64
		{9CD75A9F-6BE8-4358-924C-79C8787571DF}.Release|x86.ActiveCfg = Release|Win32
		{9CD75A9F-6BE8-4358-924C-79C8787571DF}.Release|x86.Build.0 = Release|Win32
	EndGlobalSection
	GlobalSection(SolutionProperties) = preSolution
		HideSolutionNode = FALSE
	EndGlobalSection
	GlobalSection(ExtensibilityGlobals) = postSolution
		SolutionGuid = {0192BE09-1655-48C7-90F1-B6BC5240C93B}
	EndGlobalSection
EndGlobal
